
Microsoft Visual Studio Solution File, Format Version 12.00
# Visual Studio Version 17
VisualStudioVersion = 17.0.31912.275
MinimumVisualStudioVersion = 10.0.40219.1
Project("{FAE04EC0-301F-11D3-BF4B-00C04F79EFBC}") = "Daltonpics.Android", "Daltonpics\Daltonpics.Android\Daltonpics.Android.csproj", "{10DFACFF-2FF9-4E14-AA08-CBBA57FB9BCA}"
EndProject
Project("{9A19103F-16F7-4668-BE54-9A1E7A4F7556}") = "Daltonpics", "Daltonpics\Daltonpics\Daltonpics.csproj", "{B9D1D6CA-9D99-48B0-B087-2F08CA07BCD6}"
EndProject
Project("{FAE04EC0-301F-11D3-BF4B-00C04F79EFBC}") = "Daltonpics.iOS", "Daltonpics\Daltonpics.iOS\Daltonpics.iOS.csproj", "{A5A12821-BCC2-4CAA-AE84-18FB59D839EA}"
EndProject
Project("{FAE04EC0-301F-11D3-BF4B-00C04F79EFBC}") = "Daltonpics.UWP", "Daltonpics\Daltonpics.UWP\Daltonpics.UWP.csproj", "{BA2D5756-E2B3-4B44-BC90-FB514214D68D}"
EndProject
Global
	GlobalSection(SolutionConfigurationPlatforms) = preSolution
		Debug|Any CPU = Debug|Any CPU
		Debug|ARM = Debug|ARM
		Debug|iPhone = Debug|iPhone
		Debug|iPhoneSimulator = Debug|iPhoneSimulator
		Debug|x64 = Debug|x64
		Debug|x86 = Debug|x86
		Release|Any CPU = Release|Any CPU
		Release|ARM = Release|ARM
		Release|iPhone = Release|iPhone
		Release|iPhoneSimulator = Release|iPhoneSimulator
		Release|x64 = Release|x64
		Release|x86 = Release|x86
	EndGlobalSection
	GlobalSection(ProjectConfigurationPlatforms) = postSolution
		{10DFACFF-2FF9-4E14-AA08-CBBA57FB9BCA}.Debug|Any CPU.ActiveCfg = Debug|Any CPU
		{10DFACFF-2FF9-4E14-AA08-CBBA57FB9BCA}.Debug|Any CPU.Build.0 = Debug|Any CPU
		{10DFACFF-2FF9-4E14-AA08-CBBA57FB9BCA}.Debug|Any CPU.Deploy.0 = Debug|Any CPU
		{10DFACFF-2FF9-4E14-AA08-CBBA57FB9BCA}.Debug|ARM.ActiveCfg = Debug|Any CPU
		{10DFACFF-2FF9-4E14-AA08-CBBA57FB9BCA}.Debug|ARM.Build.0 = Debug|Any CPU
		{10DFACFF-2FF9-4E14-AA08-CBBA57FB9BCA}.Debug|ARM.Deploy.0 = Debug|Any CPU
		{10DFACFF-2FF9-4E14-AA08-CBBA57FB9BCA}.Debug|iPhone.ActiveCfg = Debug|Any CPU
		{10DFACFF-2FF9-4E14-AA08-CBBA57FB9BCA}.Debug|iPhone.Build.0 = Debug|Any CPU
		{10DFACFF-2FF9-4E14-AA08-CBBA57FB9BCA}.Debug|iPhone.Deploy.0 = Debug|Any CPU
		{10DFACFF-2FF9-4E14-AA08-CBBA57FB9BCA}.Debug|iPhoneSimulator.ActiveCfg = Debug|Any CPU
		{10DFACFF-2FF9-4E14-AA08-CBBA57FB9BCA}.Debug|iPhoneSimulator.Build.0 = Debug|Any CPU
		{10DFACFF-2FF9-4E14-AA08-CBBA57FB9BCA}.Debug|iPhoneSimulator.Deploy.0 = Debug|Any CPU
		{10DFACFF-2FF9-4E14-AA08-CBBA57FB9BCA}.Debug|x64.ActiveCfg = Debug|Any CPU
		{10DFACFF-2FF9-4E14-AA08-CBBA57FB9BCA}.Debug|x64.Build.0 = Debug|Any CPU
		{10DFACFF-2FF9-4E14-AA08-CBBA57FB9BCA}.Debug|x64.Deploy.0 = Debug|Any CPU
		{10DFACFF-2FF9-4E14-AA08-CBBA57FB9BCA}.Debug|x86.ActiveCfg = Debug|Any CPU
		{10DFACFF-2FF9-4E14-AA08-CBBA57FB9BCA}.Debug|x86.Build.0 = Debug|Any CPU
		{10DFACFF-2FF9-4E14-AA08-CBBA57FB9BCA}.Debug|x86.Deploy.0 = Debug|Any CPU
		{10DFACFF-2FF9-4E14-AA08-CBBA57FB9BCA}.Release|Any CPU.ActiveCfg = Release|Any CPU
		{10DFACFF-2FF9-4E14-AA08-CBBA57FB9BCA}.Release|Any CPU.Build.0 = Release|Any CPU
		{10DFACFF-2FF9-4E14-AA08-CBBA57FB9BCA}.Release|Any CPU.Deploy.0 = Release|Any CPU
		{10DFACFF-2FF9-4E14-AA08-CBBA57FB9BCA}.Release|ARM.ActiveCfg = Release|Any CPU
		{10DFACFF-2FF9-4E14-AA08-CBBA57FB9BCA}.Release|ARM.Build.0 = Release|Any CPU
		{10DFACFF-2FF9-4E14-AA08-CBBA57FB9BCA}.Release|ARM.Deploy.0 = Release|Any CPU
		{10DFACFF-2FF9-4E14-AA08-CBBA57FB9BCA}.Release|iPhone.ActiveCfg = Release|Any CPU
		{10DFACFF-2FF9-4E14-AA08-CBBA57FB9BCA}.Release|iPhone.Build.0 = Release|Any CPU
		{10DFACFF-2FF9-4E14-AA08-CBBA57FB9BCA}.Release|iPhone.Deploy.0 = Release|Any CPU
		{10DFACFF-2FF9-4E14-AA08-CBBA57FB9BCA}.Release|iPhoneSimulator.ActiveCfg = Release|Any CPU
		{10DFACFF-2FF9-4E14-AA08-CBBA57FB9BCA}.Release|iPhoneSimulator.Build.0 = Release|Any CPU
		{10DFACFF-2FF9-4E14-AA08-CBBA57FB9BCA}.Release|iPhoneSimulator.Deploy.0 = Release|Any CPU
		{10DFACFF-2FF9-4E14-AA08-CBBA57FB9BCA}.Release|x64.ActiveCfg = Release|Any CPU
		{10DFACFF-2FF9-4E14-AA08-CBBA57FB9BCA}.Release|x64.Build.0 = Release|Any CPU
		{10DFACFF-2FF9-4E14-AA08-CBBA57FB9BCA}.Release|x64.Deploy.0 = Release|Any CPU
		{10DFACFF-2FF9-4E14-AA08-CBBA57FB9BCA}.Release|x86.ActiveCfg = Release|Any CPU
		{10DFACFF-2FF9-4E14-AA08-CBBA57FB9BCA}.Release|x86.Build.0 = Release|Any CPU
		{10DFACFF-2FF9-4E14-AA08-CBBA57FB9BCA}.Release|x86.Deploy.0 = Release|Any CPU
		{B9D1D6CA-9D99-48B0-B087-2F08CA07BCD6}.Debug|Any CPU.ActiveCfg = Debug|Any CPU
		{B9D1D6CA-9D99-48B0-B087-2F08CA07BCD6}.Debug|Any CPU.Build.0 = Debug|Any CPU
		{B9D1D6CA-9D99-48B0-B087-2F08CA07BCD6}.Debug|Any CPU.Deploy.0 = Debug|Any CPU
		{B9D1D6CA-9D99-48B0-B087-2F08CA07BCD6}.Debug|ARM.ActiveCfg = Debug|Any CPU
		{B9D1D6CA-9D99-48B0-B087-2F08CA07BCD6}.Debug|ARM.Build.0 = Debug|Any CPU
		{B9D1D6CA-9D99-48B0-B087-2F08CA07BCD6}.Debug|ARM.Deploy.0 = Debug|Any CPU
		{B9D1D6CA-9D99-48B0-B087-2F08CA07BCD6}.Debug|iPhone.ActiveCfg = Debug|Any CPU
		{B9D1D6CA-9D99-48B0-B087-2F08CA07BCD6}.Debug|iPhone.Build.0 = Debug|Any CPU
		{B9D1D6CA-9D99-48B0-B087-2F08CA07BCD6}.Debug|iPhone.Deploy.0 = Debug|Any CPU
		{B9D1D6CA-9D99-48B0-B087-2F08CA07BCD6}.Debug|iPhoneSimulator.ActiveCfg = Debug|Any CPU
		{B9D1D6CA-9D99-48B0-B087-2F08CA07BCD6}.Debug|iPhoneSimulator.Build.0 = Debug|Any CPU
		{B9D1D6CA-9D99-48B0-B087-2F08CA07BCD6}.Debug|iPhoneSimulator.Deploy.0 = Debug|Any CPU
		{B9D1D6CA-9D99-48B0-B087-2F08CA07BCD6}.Debug|x64.ActiveCfg = Debug|Any CPU
		{B9D1D6CA-9D99-48B0-B087-2F08CA07BCD6}.Debug|x64.Build.0 = Debug|Any CPU
		{B9D1D6CA-9D99-48B0-B087-2F08CA07BCD6}.Debug|x64.Deploy.0 = Debug|Any CPU
		{B9D1D6CA-9D99-48B0-B087-2F08CA07BCD6}.Debug|x86.ActiveCfg = Debug|Any CPU
		{B9D1D6CA-9D99-48B0-B087-2F08CA07BCD6}.Debug|x86.Build.0 = Debug|Any CPU
		{B9D1D6CA-9D99-48B0-B087-2F08CA07BCD6}.Debug|x86.Deploy.0 = Debug|Any CPU
		{B9D1D6CA-9D99-48B0-B087-2F08CA07BCD6}.Release|Any CPU.ActiveCfg = Release|Any CPU
		{B9D1D6CA-9D99-48B0-B087-2F08CA07BCD6}.Release|Any CPU.Build.0 = Release|Any CPU
		{B9D1D6CA-9D99-48B0-B087-2F08CA07BCD6}.Release|Any CPU.Deploy.0 = Release|Any CPU
		{B9D1D6CA-9D99-48B0-B087-2F08CA07BCD6}.Release|ARM.ActiveCfg = Release|Any CPU
		{B9D1D6CA-9D99-48B0-B087-2F08CA07BCD6}.Release|ARM.Build.0 = Release|Any CPU
		{B9D1D6CA-9D99-48B0-B087-2F08CA07BCD6}.Release|ARM.Deploy.0 = Release|Any CPU
		{B9D1D6CA-9D99-48B0-B087-2F08CA07BCD6}.Release|iPhone.ActiveCfg = Release|Any CPU
		{B9D1D6CA-9D99-48B0-B087-2F08CA07BCD6}.Release|iPhone.Build.0 = Release|Any CPU
		{B9D1D6CA-9D99-48B0-B087-2F08CA07BCD6}.Release|iPhone.Deploy.0 = Release|Any CPU
		{B9D1D6CA-9D99-48B0-B087-2F08CA07BCD6}.Release|iPhoneSimulator.ActiveCfg = Release|Any CPU
		{B9D1D6CA-9D99-48B0-B087-2F08CA07BCD6}.Release|iPhoneSimulator.Build.0 = Release|Any CPU
		{B9D1D6CA-9D99-48B0-B087-2F08CA07BCD6}.Release|iPhoneSimulator.Deploy.0 = Release|Any CPU
		{B9D1D6CA-9D99-48B0-B087-2F08CA07BCD6}.Release|x64.ActiveCfg = Release|Any CPU
		{B9D1D6CA-9D99-48B0-B087-2F08CA07BCD6}.Release|x64.Build.0 = Release|Any CPU
		{B9D1D6CA-9D99-48B0-B087-2F08CA07BCD6}.Release|x64.Deploy.0 = Release|Any CPU
		{B9D1D6CA-9D99-48B0-B087-2F08CA07BCD6}.Release|x86.ActiveCfg = Release|Any CPU
		{B9D1D6CA-9D99-48B0-B087-2F08CA07BCD6}.Release|x86.Build.0 = Release|Any CPU
		{B9D1D6CA-9D99-48B0-B087-2F08CA07BCD6}.Release|x86.Deploy.0 = Release|Any CPU
		{A5A12821-BCC2-4CAA-AE84-18FB59D839EA}.Debug|Any CPU.ActiveCfg = Debug|iPhoneSimulator
		{A5A12821-BCC2-4CAA-AE84-18FB59D839EA}.Debug|Any CPU.Build.0 = Debug|iPhoneSimulator
		{A5A12821-BCC2-4CAA-AE84-18FB59D839EA}.Debug|ARM.ActiveCfg = Debug|iPhoneSimulator
		{A5A12821-BCC2-4CAA-AE84-18FB59D839EA}.Debug|ARM.Build.0 = Debug|iPhoneSimulator
		{A5A12821-BCC2-4CAA-AE84-18FB59D839EA}.Debug|iPhone.ActiveCfg = Debug|iPhone
		{A5A12821-BCC2-4CAA-AE84-18FB59D839EA}.Debug|iPhone.Build.0 = Debug|iPhone
		{A5A12821-BCC2-4CAA-AE84-18FB59D839EA}.Debug|iPhoneSimulator.ActiveCfg = Debug|iPhoneSimulator
		{A5A12821-BCC2-4CAA-AE84-18FB59D839EA}.Debug|iPhoneSimulator.Build.0 = Debug|iPhoneSimulator
		{A5A12821-BCC2-4CAA-AE84-18FB59D839EA}.Debug|x64.ActiveCfg = Debug|iPhoneSimulator
		{A5A12821-BCC2-4CAA-AE84-18FB59D839EA}.Debug|x64.Build.0 = Debug|iPhoneSimulator
		{A5A12821-BCC2-4CAA-AE84-18FB59D839EA}.Debug|x86.ActiveCfg = Debug|iPhoneSimulator
		{A5A12821-BCC2-4CAA-AE84-18FB59D839EA}.Debug|x86.Build.0 = Debug|iPhoneSimulator
		{A5A12821-BCC2-4CAA-AE84-18FB59D839EA}.Release|Any CPU.ActiveCfg = Release|iPhoneSimulator
		{A5A12821-BCC2-4CAA-AE84-18FB59D839EA}.Release|Any CPU.Build.0 = Release|iPhoneSimulator
		{A5A12821-BCC2-4CAA-AE84-18FB59D839EA}.Release|ARM.ActiveCfg = Release|iPhoneSimulator
		{A5A12821-BCC2-4CAA-AE84-18FB59D839EA}.Release|ARM.Build.0 = Release|iPhoneSimulator
		{A5A12821-BCC2-4CAA-AE84-18FB59D839EA}.Release|iPhone.ActiveCfg = Release|iPhone
		{A5A12821-BCC2-4CAA-AE84-18FB59D839EA}.Release|iPhone.Build.0 = Release|iPhone
		{A5A12821-BCC2-4CAA-AE84-18FB59D839EA}.Release|iPhoneSimulator.ActiveCfg = Release|iPhoneSimulator
		{A5A12821-BCC2-4CAA-AE84-18FB59D839EA}.Release|iPhoneSimulator.Build.0 = Release|iPhoneSimulator
		{A5A12821-BCC2-4CAA-AE84-18FB59D839EA}.Release|x64.ActiveCfg = Release|iPhoneSimulator
		{A5A12821-BCC2-4CAA-AE84-18FB59D839EA}.Release|x64.Build.0 = Release|iPhoneSimulator
		{A5A12821-BCC2-4CAA-AE84-18FB59D839EA}.Release|x86.ActiveCfg = Release|iPhoneSimulator
		{A5A12821-BCC2-4CAA-AE84-18FB59D839EA}.Release|x86.Build.0 = Release|iPhoneSimulator
		{BA2D5756-E2B3-4B44-BC90-FB514214D68D}.Debug|Any CPU.ActiveCfg = Debug|x64
		{BA2D5756-E2B3-4B44-BC90-FB514214D68D}.Debug|Any CPU.Build.0 = Debug|x64
		{BA2D5756-E2B3-4B44-BC90-FB514214D68D}.Debug|Any CPU.Deploy.0 = Debug|x64
		{BA2D5756-E2B3-4B44-BC90-FB514214D68D}.Debug|ARM.ActiveCfg = Debug|ARM
		{BA2D5756-E2B3-4B44-BC90-FB514214D68D}.Debug|ARM.Build.0 = Debug|ARM
		{BA2D5756-E2B3-4B44-BC90-FB514214D68D}.Debug|ARM.Deploy.0 = Debug|ARM
		{BA2D5756-E2B3-4B44-BC90-FB514214D68D}.Debug|iPhone.ActiveCfg = Debug|x64
		{BA2D5756-E2B3-4B44-BC90-FB514214D68D}.Debug|iPhone.Build.0 = Debug|x64
		{BA2D5756-E2B3-4B44-BC90-FB514214D68D}.Debug|iPhone.Deploy.0 = Debug|x64
		{BA2D5756-E2B3-4B44-BC90-FB514214D68D}.Debug|iPhoneSimulator.ActiveCfg = Debug|x64
		{BA2D5756-E2B3-4B44-BC90-FB514214D68D}.Debug|iPhoneSimulator.Build.0 = Debug|x64
		{BA2D5756-E2B3-4B44-BC90-FB514214D68D}.Debug|iPhoneSimulator.Deploy.0 = Debug|x64
		{BA2D5756-E2B3-4B44-BC90-FB514214D68D}.Debug|x64.ActiveCfg = Debug|x64
		{BA2D5756-E2B3-4B44-BC90-FB514214D68D}.Debug|x64.Build.0 = Debug|x64
		{BA2D5756-E2B3-4B44-BC90-FB514214D68D}.Debug|x64.Deploy.0 = Debug|x64
		{BA2D5756-E2B3-4B44-BC90-FB514214D68D}.Debug|x86.ActiveCfg = Debug|x86
		{BA2D5756-E2B3-4B44-BC90-FB514214D68D}.Debug|x86.Build.0 = Debug|x86
		{BA2D5756-E2B3-4B44-BC90-FB514214D68D}.Debug|x86.Deploy.0 = Debug|x86
		{BA2D5756-E2B3-4B44-BC90-FB514214D68D}.Release|Any CPU.ActiveCfg = Release|x64
		{BA2D5756-E2B3-4B44-BC90-FB514214D68D}.Release|Any CPU.Build.0 = Release|x64
		{BA2D5756-E2B3-4B44-BC90-FB514214D68D}.Release|Any CPU.Deploy.0 = Release|x64
		{BA2D5756-E2B3-4B44-BC90-FB514214D68D}.Release|ARM.ActiveCfg = Release|ARM
		{BA2D5756-E2B3-4B44-BC90-FB514214D68D}.Release|ARM.Build.0 = Release|ARM
		{BA2D5756-E2B3-4B44-BC90-FB514214D68D}.Release|ARM.Deploy.0 = Release|ARM
		{BA2D5756-E2B3-4B44-BC90-FB514214D68D}.Release|iPhone.ActiveCfg = Release|x64
		{BA2D5756-E2B3-4B44-BC90-FB514214D68D}.Release|iPhone.Build.0 = Release|x64
		{BA2D5756-E2B3-4B44-BC90-FB514214D68D}.Release|iPhone.Deploy.0 = Release|x64
		{BA2D5756-E2B3-4B44-BC90-FB514214D68D}.Release|iPhoneSimulator.ActiveCfg = Release|x64
		{BA2D5756-E2B3-4B44-BC90-FB514214D68D}.Release|iPhoneSimulator.Build.0 = Release|x64
		{BA2D5756-E2B3-4B44-BC90-FB514214D68D}.Release|iPhoneSimulator.Deploy.0 = Release|x64
		{BA2D5756-E2B3-4B44-BC90-FB514214D68D}.Release|x64.ActiveCfg = Release|x64
		{BA2D5756-E2B3-4B44-BC90-FB514214D68D}.Release|x64.Build.0 = Release|x64
		{BA2D5756-E2B3-4B44-BC90-FB514214D68D}.Release|x64.Deploy.0 = Release|x64
		{BA2D5756-E2B3-4B44-BC90-FB514214D68D}.Release|x86.ActiveCfg = Release|x86
		{BA2D5756-E2B3-4B44-BC90-FB514214D68D}.Release|x86.Build.0 = Release|x86
		{BA2D5756-E2B3-4B44-BC90-FB514214D68D}.Release|x86.Deploy.0 = Release|x86
	EndGlobalSection
	GlobalSection(SolutionProperties) = preSolution
		HideSolutionNode = FALSE
	EndGlobalSection
	GlobalSection(ExtensibilityGlobals) = postSolution
		SolutionGuid = {8493CD77-0BB5-4C1C-B007-0D3A3B07B48E}
	EndGlobalSection
EndGlobal
